// !$*UTF8*$!
{
	archiveVersion = 1;
	classes = {
	};
	objectVersion = 46;
	objects = {

/* Begin PBXBuildFile section */
		DA05A31D146F1275001425BA /* eSerial.dylib in Frameworks */ = {isa = PBXBuildFile; fileRef = DA2C381513382E200013BE0F /* eSerial.dylib */; };
		DA05A321146F15EE001425BA /* hints.h in Headers */ = {isa = PBXBuildFile; fileRef = DA05A320146F15EE001425BA /* hints.h */; settings = {ATTRIBUTES = (Public, ); }; };
		DA154CDC14B696E9009DE903 /* XMLWriter_test.cpp in Sources */ = {isa = PBXBuildFile; fileRef = DA154CDA14B696E9009DE903 /* XMLWriter_test.cpp */; };
		DA2C383213382F450013BE0F /* Parser.cpp in Sources */ = {isa = PBXBuildFile; fileRef = DA2C382E13382F450013BE0F /* Parser.cpp */; };
		DA2C383313382F450013BE0F /* Parser.h in Headers */ = {isa = PBXBuildFile; fileRef = DA2C382F13382F450013BE0F /* Parser.h */; settings = {ATTRIBUTES = (Public, ); }; };
		DA2C383413382F450013BE0F /* Writer.cpp in Sources */ = {isa = PBXBuildFile; fileRef = DA2C383013382F450013BE0F /* Writer.cpp */; };
		DA2C383513382F450013BE0F /* Writer.h in Headers */ = {isa = PBXBuildFile; fileRef = DA2C383113382F450013BE0F /* Writer.h */; settings = {ATTRIBUTES = (Public, ); }; };
		DA2C38371338330D0013BE0F /* Writable.h in Headers */ = {isa = PBXBuildFile; fileRef = DA2C38361338330D0013BE0F /* Writable.h */; settings = {ATTRIBUTES = (Public, ); }; };
		DA2C3852133838840013BE0F /* Data.h in Headers */ = {isa = PBXBuildFile; fileRef = DA2C3851133838840013BE0F /* Data.h */; settings = {ATTRIBUTES = (); }; };
		DA2C385413383A350013BE0F /* macros.h in Headers */ = {isa = PBXBuildFile; fileRef = DA2C385313383A350013BE0F /* macros.h */; settings = {ATTRIBUTES = (); }; };
		DA3AB8F314A3DEEA00002DD0 /* unittests.cpp in Sources */ = {isa = PBXBuildFile; fileRef = DA3AB8F214A3DEEA00002DD0 /* unittests.cpp */; };
		DA3AB8F614A3DF4200002DD0 /* b64_tests.cpp in Sources */ = {isa = PBXBuildFile; fileRef = DA3AB8F514A3DF4200002DD0 /* b64_tests.cpp */; };
		DA3FD1211452320800431974 /* XMLWriter.cpp in Sources */ = {isa = PBXBuildFile; fileRef = DA3FD1201452320800431974 /* XMLWriter.cpp */; };
		DA3FD127145240A700431974 /* XMLParser.cpp in Sources */ = {isa = PBXBuildFile; fileRef = DA3FD126145240A700431974 /* XMLParser.cpp */; };
		DA5EA858144A5D86000DC973 /* b64.c in Sources */ = {isa = PBXBuildFile; fileRef = DA5EA857144A5D86000DC973 /* b64.c */; };
		DA5EA85C144A66A4000DC973 /* b64.h in Headers */ = {isa = PBXBuildFile; fileRef = DA5EA85B144A66A4000DC973 /* b64.h */; settings = {ATTRIBUTES = (Public, ); }; };
		DA8C8C5D14A58B84000B990B /* libgtest.a in Frameworks */ = {isa = PBXBuildFile; fileRef = DA8C8C5C14A58B84000B990B /* libgtest.a */; };
		DA8C8CB714A5BAFC000B990B /* Writer_tests.cpp in Sources */ = {isa = PBXBuildFile; fileRef = DA8C8CB614A5BAFC000B990B /* Writer_tests.cpp */; };
		DAA4FE6514B7658F00F98888 /* XMLWriter.h in Headers */ = {isa = PBXBuildFile; fileRef = DAA4FE6414B7658F00F98888 /* XMLWriter.h */; };
		DAABC42014BB9CC700D569FF /* libxml2.dylib in Frameworks */ = {isa = PBXBuildFile; fileRef = DAABC41F14BB9CC700D569FF /* libxml2.dylib */; };
		DAABC42B14BBD71200D569FF /* XML_tests_common.cpp in Sources */ = {isa = PBXBuildFile; fileRef = DAABC42A14BBD71200D569FF /* XML_tests_common.cpp */; };
		DAABC42D14BBE9E100D569FF /* XMLReader_test.cpp in Sources */ = {isa = PBXBuildFile; fileRef = DAABC42C14BBE9E100D569FF /* XMLReader_test.cpp */; };
/* End PBXBuildFile section */

/* Begin PBXContainerItemProxy section */
		DA05A31E146F128A001425BA /* PBXContainerItemProxy */ = {
			isa = PBXContainerItemProxy;
			containerPortal = DA2C380C13382E200013BE0F /* Project object */;
			proxyType = 1;
			remoteGlobalIDString = DA2C381413382E200013BE0F;
			remoteInfo = eSerial;
		};
/* End PBXContainerItemProxy section */

/* Begin PBXCopyFilesBuildPhase section */
		DA013880144A01EB0014EBD1 /* CopyFiles */ = {
			isa = PBXCopyFilesBuildPhase;
			buildActionMask = 2147483647;
			dstPath = /usr/share/man/man1/;
			dstSubfolderSpec = 0;
			files = (
			);
			runOnlyForDeploymentPostprocessing = 1;
		};
/* End PBXCopyFilesBuildPhase section */

/* Begin PBXFileReference section */
		DA013882144A01EB0014EBD1 /* test */ = {isa = PBXFileReference; explicitFileType = "compiled.mach-o.executable"; includeInIndex = 0; path = test; sourceTree = BUILT_PRODUCTS_DIR; };
		DA01FE4C14CE40670089A173 /* LICENSE */ = {isa = PBXFileReference; fileEncoding = 4; lastKnownFileType = text; path = LICENSE; sourceTree = SOURCE_ROOT; };
		DA01FE4D14CE407F0089A173 /* README */ = {isa = PBXFileReference; lastKnownFileType = text; path = README; sourceTree = "<group>"; };
		DA05A320146F15EE001425BA /* hints.h */ = {isa = PBXFileReference; fileEncoding = 4; lastKnownFileType = sourcecode.c.h; path = hints.h; sourceTree = "<group>"; };
		DA154CDA14B696E9009DE903 /* XMLWriter_test.cpp */ = {isa = PBXFileReference; fileEncoding = 4; lastKnownFileType = sourcecode.cpp.cpp; path = XMLWriter_test.cpp; sourceTree = "<group>"; };
		DA2C381513382E200013BE0F /* eSerial.dylib */ = {isa = PBXFileReference; explicitFileType = "compiled.mach-o.dylib"; includeInIndex = 0; path = eSerial.dylib; sourceTree = BUILT_PRODUCTS_DIR; };
		DA2C382E13382F450013BE0F /* Parser.cpp */ = {isa = PBXFileReference; fileEncoding = 4; lastKnownFileType = sourcecode.cpp.cpp; path = Parser.cpp; sourceTree = "<group>"; };
		DA2C382F13382F450013BE0F /* Parser.h */ = {isa = PBXFileReference; fileEncoding = 4; lastKnownFileType = sourcecode.c.h; path = Parser.h; sourceTree = "<group>"; };
		DA2C383013382F450013BE0F /* Writer.cpp */ = {isa = PBXFileReference; fileEncoding = 4; lastKnownFileType = sourcecode.cpp.cpp; path = Writer.cpp; sourceTree = "<group>"; };
		DA2C383113382F450013BE0F /* Writer.h */ = {isa = PBXFileReference; fileEncoding = 4; lastKnownFileType = sourcecode.c.h; path = Writer.h; sourceTree = "<group>"; };
		DA2C38361338330D0013BE0F /* Writable.h */ = {isa = PBXFileReference; fileEncoding = 4; lastKnownFileType = sourcecode.c.h; path = Writable.h; sourceTree = "<group>"; };
		DA2C3851133838840013BE0F /* Data.h */ = {isa = PBXFileReference; fileEncoding = 4; lastKnownFileType = sourcecode.c.h; path = Data.h; sourceTree = "<group>"; };
		DA2C385313383A350013BE0F /* macros.h */ = {isa = PBXFileReference; fileEncoding = 4; lastKnownFileType = sourcecode.c.h; path = macros.h; sourceTree = "<group>"; };
		DA3AB8F214A3DEEA00002DD0 /* unittests.cpp */ = {isa = PBXFileReference; fileEncoding = 4; lastKnownFileType = sourcecode.cpp.cpp; path = unittests.cpp; sourceTree = "<group>"; };
		DA3AB8F514A3DF4200002DD0 /* b64_tests.cpp */ = {isa = PBXFileReference; fileEncoding = 4; lastKnownFileType = sourcecode.cpp.cpp; path = b64_tests.cpp; sourceTree = "<group>"; };
		DA3FD1201452320800431974 /* XMLWriter.cpp */ = {isa = PBXFileReference; fileEncoding = 4; lastKnownFileType = sourcecode.cpp.cpp; path = XMLWriter.cpp; sourceTree = "<group>"; };
		DA3FD126145240A700431974 /* XMLParser.cpp */ = {isa = PBXFileReference; fileEncoding = 4; lastKnownFileType = sourcecode.cpp.cpp; path = XMLParser.cpp; sourceTree = "<group>"; };
		DA513AAB14D11BB50074D899 /* Doxyfile */ = {isa = PBXFileReference; lastKnownFileType = text; path = Doxyfile; sourceTree = "<group>"; };
		DA513AAD14D11BB80074D899 /* Makefile */ = {isa = PBXFileReference; fileEncoding = 4; lastKnownFileType = sourcecode.make; path = Makefile; sourceTree = "<group>"; };
		DA5EA857144A5D86000DC973 /* b64.c */ = {isa = PBXFileReference; fileEncoding = 4; lastKnownFileType = sourcecode.c.c; path = b64.c; sourceTree = "<group>"; };
		DA5EA85B144A66A4000DC973 /* b64.h */ = {isa = PBXFileReference; fileEncoding = 4; lastKnownFileType = sourcecode.c.h; path = b64.h; sourceTree = "<group>"; };
		DA8C8C5C14A58B84000B990B /* libgtest.a */ = {isa = PBXFileReference; lastKnownFileType = archive.ar; name = libgtest.a; path = /usr/local/Cellar/gtest/1.6.0/lib/libgtest.a; sourceTree = "<absolute>"; };
		DA8C8CB614A5BAFC000B990B /* Writer_tests.cpp */ = {isa = PBXFileReference; fileEncoding = 4; lastKnownFileType = sourcecode.cpp.cpp; path = Writer_tests.cpp; sourceTree = "<group>"; };
		DAA4FE6414B7658F00F98888 /* XMLWriter.h */ = {isa = PBXFileReference; fileEncoding = 4; lastKnownFileType = sourcecode.c.h; path = XMLWriter.h; sourceTree = "<group>"; };
		DAABC41F14BB9CC700D569FF /* libxml2.dylib */ = {isa = PBXFileReference; lastKnownFileType = "compiled.mach-o.dylib"; name = libxml2.dylib; path = usr/lib/libxml2.dylib; sourceTree = SDKROOT; };
		DAABC42A14BBD71200D569FF /* XML_tests_common.cpp */ = {isa = PBXFileReference; fileEncoding = 4; lastKnownFileType = sourcecode.cpp.cpp; path = XML_tests_common.cpp; sourceTree = "<group>"; };
		DAABC42C14BBE9E100D569FF /* XMLReader_test.cpp */ = {isa = PBXFileReference; fileEncoding = 4; lastKnownFileType = sourcecode.cpp.cpp; path = XMLReader_test.cpp; sourceTree = "<group>"; };
		DAABC42E14BBF20E00D569FF /* XMLParser.h */ = {isa = PBXFileReference; fileEncoding = 4; lastKnownFileType = sourcecode.c.h; path = XMLParser.h; sourceTree = "<group>"; };
		DAFE763914B7F674000BD1B7 /* tests_common.h */ = {isa = PBXFileReference; fileEncoding = 4; lastKnownFileType = sourcecode.c.h; path = tests_common.h; sourceTree = "<group>"; };
/* End PBXFileReference section */

/* Begin PBXFrameworksBuildPhase section */
		DA01387F144A01EB0014EBD1 /* Frameworks */ = {
			isa = PBXFrameworksBuildPhase;
			buildActionMask = 2147483647;
			files = (
				DA05A31D146F1275001425BA /* eSerial.dylib in Frameworks */,
				DA8C8C5D14A58B84000B990B /* libgtest.a in Frameworks */,
			);
			runOnlyForDeploymentPostprocessing = 0;
		};
		DA2C381213382E200013BE0F /* Frameworks */ = {
			isa = PBXFrameworksBuildPhase;
			buildActionMask = 2147483647;
			files = (
				DAABC42014BB9CC700D569FF /* libxml2.dylib in Frameworks */,
			);
			runOnlyForDeploymentPostprocessing = 0;
		};
/* End PBXFrameworksBuildPhase section */

/* Begin PBXGroup section */
		DA013884144A01EC0014EBD1 /* test */ = {
			isa = PBXGroup;
			children = (
				DA8C8C5C14A58B84000B990B /* libgtest.a */,
				DA3AB8F214A3DEEA00002DD0 /* unittests.cpp */,
				DA3AB8F514A3DF4200002DD0 /* b64_tests.cpp */,
				DAFE763914B7F674000BD1B7 /* tests_common.h */,
				DA8C8CB614A5BAFC000B990B /* Writer_tests.cpp */,
				DA154CDA14B696E9009DE903 /* XMLWriter_test.cpp */,
				DAABC42A14BBD71200D569FF /* XML_tests_common.cpp */,
				DAABC42C14BBE9E100D569FF /* XMLReader_test.cpp */,
			);
			path = test;
			sourceTree = "<group>";
		};
		DA2C380A13382E200013BE0F = {
			isa = PBXGroup;
			children = (
				DA513AAD14D11BB80074D899 /* Makefile */,
				DA513AAB14D11BB50074D899 /* Doxyfile */,
				DA01FE4C14CE40670089A173 /* LICENSE */,
				DA01FE4D14CE407F0089A173 /* README */,
				DAABC41F14BB9CC700D569FF /* libxml2.dylib */,
				DA2C381713382E200013BE0F /* eSerial */,
				DA013884144A01EC0014EBD1 /* test */,
				DA2C381613382E200013BE0F /* Products */,
			);
			sourceTree = "<group>";
		};
		DA2C381613382E200013BE0F /* Products */ = {
			isa = PBXGroup;
			children = (
				DA2C381513382E200013BE0F /* eSerial.dylib */,
				DA013882144A01EB0014EBD1 /* test */,
			);
			name = Products;
			sourceTree = "<group>";
		};
		DA2C381713382E200013BE0F /* eSerial */ = {
			isa = PBXGroup;
			children = (
				DA2C385313383A350013BE0F /* macros.h */,
				DA2C38361338330D0013BE0F /* Writable.h */,
				DA2C3851133838840013BE0F /* Data.h */,
				DA2C382F13382F450013BE0F /* Parser.h */,
				DA2C382E13382F450013BE0F /* Parser.cpp */,
				DA2C383113382F450013BE0F /* Writer.h */,
				DA2C383013382F450013BE0F /* Writer.cpp */,
				DA05A320146F15EE001425BA /* hints.h */,
				DAA4FE6414B7658F00F98888 /* XMLWriter.h */,
				DA3FD1201452320800431974 /* XMLWriter.cpp */,
				DAABC42E14BBF20E00D569FF /* XMLParser.h */,
				DA3FD126145240A700431974 /* XMLParser.cpp */,
				DA5EA85B144A66A4000DC973 /* b64.h */,
				DA5EA857144A5D86000DC973 /* b64.c */,
			);
			path = eSerial;
			sourceTree = "<group>";
		};
/* End PBXGroup section */

/* Begin PBXHeadersBuildPhase section */
		DA2C381313382E200013BE0F /* Headers */ = {
			isa = PBXHeadersBuildPhase;
			buildActionMask = 2147483647;
			files = (
				DA2C383313382F450013BE0F /* Parser.h in Headers */,
				DA2C383513382F450013BE0F /* Writer.h in Headers */,
				DA05A321146F15EE001425BA /* hints.h in Headers */,
				DA5EA85C144A66A4000DC973 /* b64.h in Headers */,
				DA2C38371338330D0013BE0F /* Writable.h in Headers */,
				DA2C3852133838840013BE0F /* Data.h in Headers */,
				DA2C385413383A350013BE0F /* macros.h in Headers */,
				DAA4FE6514B7658F00F98888 /* XMLWriter.h in Headers */,
			);
			runOnlyForDeploymentPostprocessing = 0;
		};
/* End PBXHeadersBuildPhase section */

/* Begin PBXLegacyTarget section */
		DA513AAF14D120ED0074D899 /* Documentation */ = {
			isa = PBXLegacyTarget;
			buildArgumentsString = "$(SRCROOT)/Doxyfile";
			buildConfigurationList = DA513AB014D120ED0074D899 /* Build configuration list for PBXLegacyTarget "Documentation" */;
			buildPhases = (
			);
			buildToolPath = /usr/local/bin/doxygen;
			buildWorkingDirectory = "";
			dependencies = (
			);
			name = Documentation;
			passBuildSettingsInEnvironment = 1;
			productName = Documentation;
		};
/* End PBXLegacyTarget section */

/* Begin PBXNativeTarget section */
		DA013881144A01EB0014EBD1 /* test */ = {
			isa = PBXNativeTarget;
			buildConfigurationList = DA01388B144A01EC0014EBD1 /* Build configuration list for PBXNativeTarget "test" */;
			buildPhases = (
				DA01387E144A01EB0014EBD1 /* Sources */,
				DA01387F144A01EB0014EBD1 /* Frameworks */,
				DA013880144A01EB0014EBD1 /* CopyFiles */,
			);
			buildRules = (
			);
			dependencies = (
				DA05A31F146F128A001425BA /* PBXTargetDependency */,
			);
			name = test;
			productName = test;
			productReference = DA013882144A01EB0014EBD1 /* test */;
			productType = "com.apple.product-type.tool";
		};
		DA2C381413382E200013BE0F /* eSerial */ = {
			isa = PBXNativeTarget;
			buildConfigurationList = DA2C382313382E200013BE0F /* Build configuration list for PBXNativeTarget "eSerial" */;
			buildPhases = (
				DA2C381113382E200013BE0F /* Sources */,
				DA2C381213382E200013BE0F /* Frameworks */,
				DA2C381313382E200013BE0F /* Headers */,
			);
			buildRules = (
			);
			dependencies = (
			);
			name = eSerial;
			productName = eSerial;
			productReference = DA2C381513382E200013BE0F /* eSerial.dylib */;
			productType = "com.apple.product-type.library.dynamic";
		};
/* End PBXNativeTarget section */

/* Begin PBXProject section */
		DA2C380C13382E200013BE0F /* Project object */ = {
			isa = PBXProject;
			attributes = {
				LastUpgradeCheck = 0420;
				ORGANIZATIONNAME = "Paul O'Neil";
			};
			buildConfigurationList = DA2C380F13382E200013BE0F /* Build configuration list for PBXProject "eSerial" */;
			compatibilityVersion = "Xcode 3.2";
			developmentRegion = English;
			hasScannedForEncodings = 0;
			knownRegions = (
				en,
			);
			mainGroup = DA2C380A13382E200013BE0F;
			productRefGroup = DA2C381613382E200013BE0F /* Products */;
			projectDirPath = "";
			projectRoot = "";
			targets = (
				DA2C381413382E200013BE0F /* eSerial */,
				DA013881144A01EB0014EBD1 /* test */,
				DA513AAF14D120ED0074D899 /* Documentation */,
			);
		};
/* End PBXProject section */

/* Begin PBXSourcesBuildPhase section */
		DA01387E144A01EB0014EBD1 /* Sources */ = {
			isa = PBXSourcesBuildPhase;
			buildActionMask = 2147483647;
			files = (
				DA3AB8F314A3DEEA00002DD0 /* unittests.cpp in Sources */,
				DA3AB8F614A3DF4200002DD0 /* b64_tests.cpp in Sources */,
				DA8C8CB714A5BAFC000B990B /* Writer_tests.cpp in Sources */,
				DA154CDC14B696E9009DE903 /* XMLWriter_test.cpp in Sources */,
				DAABC42B14BBD71200D569FF /* XML_tests_common.cpp in Sources */,
				DAABC42D14BBE9E100D569FF /* XMLReader_test.cpp in Sources */,
			);
			runOnlyForDeploymentPostprocessing = 0;
		};
		DA2C381113382E200013BE0F /* Sources */ = {
			isa = PBXSourcesBuildPhase;
			buildActionMask = 2147483647;
			files = (
				DA2C383213382F450013BE0F /* Parser.cpp in Sources */,
				DA2C383413382F450013BE0F /* Writer.cpp in Sources */,
				DA5EA858144A5D86000DC973 /* b64.c in Sources */,
				DA3FD1211452320800431974 /* XMLWriter.cpp in Sources */,
				DA3FD127145240A700431974 /* XMLParser.cpp in Sources */,
			);
			runOnlyForDeploymentPostprocessing = 0;
		};
/* End PBXSourcesBuildPhase section */

/* Begin PBXTargetDependency section */
		DA05A31F146F128A001425BA /* PBXTargetDependency */ = {
			isa = PBXTargetDependency;
			target = DA2C381413382E200013BE0F /* eSerial */;
			targetProxy = DA05A31E146F128A001425BA /* PBXContainerItemProxy */;
		};
/* End PBXTargetDependency section */

/* Begin XCBuildConfiguration section */
		DA013889144A01EC0014EBD1 /* Debug */ = {
			isa = XCBuildConfiguration;
			buildSettings = {
				COPY_PHASE_STRIP = NO;
				DEBUG_INFORMATION_FORMAT = "dwarf-with-dsym";
				GCC_DYNAMIC_NO_PIC = NO;
				GCC_ENABLE_OBJC_EXCEPTIONS = YES;
				GCC_PREPROCESSOR_DEFINITIONS = (
					"DEBUG=1",
					"$(inherited)",
				);
				HEADER_SEARCH_PATHS = (
					"$(SRCROOT)",
					/usr/local/include,
					"$(inherited)",
					/usr/include/libxml2,
				);
				LIBRARY_SEARCH_PATHS = (
					"$(inherited)",
					/usr/local/Cellar/gtest/1.6.0/lib,
				);
				PRODUCT_NAME = "$(TARGET_NAME)";
			};
			name = Debug;
		};
		DA01388A144A01EC0014EBD1 /* Release */ = {
			isa = XCBuildConfiguration;
			buildSettings = {
				COPY_PHASE_STRIP = YES;
				DEBUG_INFORMATION_FORMAT = "dwarf-with-dsym";
				GCC_ENABLE_OBJC_EXCEPTIONS = YES;
				GCC_PREPROCESSOR_DEFINITIONS = "$(inherited)";
				HEADER_SEARCH_PATHS = (
					"$(SRCROOT)",
					/usr/local/include,
					"$(inherited)",
					/usr/include/libxml2,
				);
				LIBRARY_SEARCH_PATHS = (
					"$(inherited)",
					/usr/local/Cellar/gtest/1.6.0/lib,
				);
				PRODUCT_NAME = "$(TARGET_NAME)";
			};
			name = Release;
		};
		DA2C382113382E200013BE0F /* Debug */ = {
			isa = XCBuildConfiguration;
			buildSettings = {
				ARCHS = "$(ARCHS_STANDARD_32_64_BIT)";
				CLANG_CXX_LANGUAGE_STANDARD = "c++0x";
				CLANG_CXX_LIBRARY = "libc++";
				CLANG_WARN_IMPLICIT_SIGN_CONVERSION = YES;
				CLANG_WARN_SUSPICIOUS_IMPLICIT_CONVERSION = YES;
				GCC_C_LANGUAGE_STANDARD = c99;
				GCC_OPTIMIZATION_LEVEL = 0;
				GCC_PREPROCESSOR_DEFINITIONS = "GTEST_HAS_TR1_TUPLE=0";
				GCC_SYMBOLS_PRIVATE_EXTERN = NO;
				GCC_WARN_64_TO_32_BIT_CONVERSION = YES;
				GCC_WARN_ABOUT_MISSING_FIELD_INITIALIZERS = YES;
				GCC_WARN_ABOUT_MISSING_NEWLINE = YES;
				GCC_WARN_ABOUT_MISSING_PROTOTYPES = YES;
				GCC_WARN_ABOUT_RETURN_TYPE = YES;
				GCC_WARN_HIDDEN_VIRTUAL_FUNCTIONS = YES;
				GCC_WARN_INITIALIZER_NOT_FULLY_BRACKETED = YES;
				GCC_WARN_NON_VIRTUAL_DESTRUCTOR = YES;
				GCC_WARN_PEDANTIC = YES;
				GCC_WARN_SHADOW = YES;
				GCC_WARN_SIGN_COMPARE = YES;
				GCC_WARN_UNINITIALIZED_AUTOS = YES;
				GCC_WARN_UNKNOWN_PRAGMAS = YES;
				GCC_WARN_UNUSED_FUNCTION = YES;
				GCC_WARN_UNUSED_LABEL = YES;
				GCC_WARN_UNUSED_VARIABLE = YES;
				SDKROOT = macosx;
			};
			name = Debug;
		};
		DA2C382213382E200013BE0F /* Release */ = {
			isa = XCBuildConfiguration;
			buildSettings = {
				ARCHS = "$(ARCHS_STANDARD_32_64_BIT)";
				CLANG_CXX_LANGUAGE_STANDARD = "c++0x";
				CLANG_CXX_LIBRARY = "libc++";
				CLANG_WARN_IMPLICIT_SIGN_CONVERSION = YES;
				CLANG_WARN_SUSPICIOUS_IMPLICIT_CONVERSION = YES;
				GCC_C_LANGUAGE_STANDARD = c99;
				GCC_PREPROCESSOR_DEFINITIONS = "GTEST_HAS_TR1_TUPLE=0";
				GCC_WARN_64_TO_32_BIT_CONVERSION = YES;
				GCC_WARN_ABOUT_MISSING_FIELD_INITIALIZERS = YES;
				GCC_WARN_ABOUT_MISSING_NEWLINE = YES;
				GCC_WARN_ABOUT_MISSING_PROTOTYPES = YES;
				GCC_WARN_ABOUT_RETURN_TYPE = YES;
				GCC_WARN_HIDDEN_VIRTUAL_FUNCTIONS = YES;
				GCC_WARN_INITIALIZER_NOT_FULLY_BRACKETED = YES;
				GCC_WARN_NON_VIRTUAL_DESTRUCTOR = YES;
				GCC_WARN_PEDANTIC = YES;
				GCC_WARN_SHADOW = YES;
				GCC_WARN_SIGN_COMPARE = YES;
				GCC_WARN_UNINITIALIZED_AUTOS = YES;
				GCC_WARN_UNKNOWN_PRAGMAS = YES;
				GCC_WARN_UNUSED_FUNCTION = YES;
				GCC_WARN_UNUSED_LABEL = YES;
				GCC_WARN_UNUSED_VARIABLE = YES;
				SDKROOT = macosx;
			};
			name = Release;
		};
		DA2C382413382E200013BE0F /* Debug */ = {
			isa = XCBuildConfiguration;
			buildSettings = {
				ALWAYS_SEARCH_USER_PATHS = NO;
				CLANG_WARN_IMPLICIT_SIGN_CONVERSION = YES;
				CLANG_WARN_SUSPICIOUS_IMPLICIT_CONVERSION = YES;
				COPY_PHASE_STRIP = NO;
				DEBUG_INFORMATION_FORMAT = "dwarf-with-dsym";
				GCC_DYNAMIC_NO_PIC = NO;
				GCC_WARN_ABOUT_MISSING_NEWLINE = YES;
				GCC_WARN_NON_VIRTUAL_DESTRUCTOR = YES;
				GCC_WARN_PEDANTIC = YES;
				GCC_WARN_SIGN_COMPARE = YES;
				HEADER_SEARCH_PATHS = (
					"$(SRCROOT)",
					/usr/include/libxml2,
				);
				LIBRARY_SEARCH_PATHS = "$(inherited)";
				PRIVATE_HEADERS_FOLDER_PATH = /usr/local/include/eos/serialization;
				PRODUCT_NAME = "$(TARGET_NAME)";
				PUBLIC_HEADERS_FOLDER_PATH = /usr/local/include/eos/serialization;
			};
			name = Debug;
		};
		DA2C382513382E200013BE0F /* Release */ = {
			isa = XCBuildConfiguration;
			buildSettings = {
				ALWAYS_SEARCH_USER_PATHS = NO;
				CLANG_WARN_IMPLICIT_SIGN_CONVERSION = YES;
				CLANG_WARN_SUSPICIOUS_IMPLICIT_CONVERSION = YES;
				COPY_PHASE_STRIP = YES;
				DEBUG_INFORMATION_FORMAT = "dwarf-with-dsym";
				GCC_WARN_ABOUT_MISSING_NEWLINE = YES;
				GCC_WARN_NON_VIRTUAL_DESTRUCTOR = YES;
				GCC_WARN_PEDANTIC = YES;
				GCC_WARN_SIGN_COMPARE = YES;
				HEADER_SEARCH_PATHS = (
					"$(SRCROOT)",
					/usr/include/libxml2,
				);
				LIBRARY_SEARCH_PATHS = "$(inherited)";
				PRIVATE_HEADERS_FOLDER_PATH = /usr/local/include/eos/serialization;
				PRODUCT_NAME = "$(TARGET_NAME)";
				PUBLIC_HEADERS_FOLDER_PATH = /usr/local/include/eos/serialization;
			};
			name = Release;
		};
		DA513AB114D120ED0074D899 /* Debug */ = {
			isa = XCBuildConfiguration;
			buildSettings = {
				ALWAYS_SEARCH_USER_PATHS = NO;
				ARCHS = "$(ARCHS_STANDARD_64_BIT)";
				COPY_PHASE_STRIP = NO;
				DEBUGGING_SYMBOLS = YES;
				GCC_C_LANGUAGE_STANDARD = gnu99;
				GCC_DYNAMIC_NO_PIC = NO;
				GCC_ENABLE_OBJC_EXCEPTIONS = YES;
				GCC_GENERATE_DEBUGGING_SYMBOLS = YES;
				GCC_OPTIMIZATION_LEVEL = 0;
				GCC_PREPROCESSOR_DEFINITIONS = (
					"DEBUG=1",
					"$(inherited)",
				);
				GCC_VERSION = com.apple.compilers.llvm.clang.1_0;
				MACOSX_DEPLOYMENT_TARGET = 10.7;
				ONLY_ACTIVE_ARCH = YES;
				OTHER_CFLAGS = "";
				OTHER_LDFLAGS = "";
				PATH = "/usr/local/bin:$PATH";
				PRODUCT_NAME = "$(TARGET_NAME)";
			};
			name = Debug;
		};
		DA513AB214D120ED0074D899 /* Release */ = {
			isa = XCBuildConfiguration;
			buildSettings = {
				ALWAYS_SEARCH_USER_PATHS = NO;
				ARCHS = "$(ARCHS_STANDARD_64_BIT)";
				COPY_PHASE_STRIP = YES;
				DEBUG_INFORMATION_FORMAT = "dwarf-with-dsym";
				GCC_C_LANGUAGE_STANDARD = gnu99;
				GCC_ENABLE_OBJC_EXCEPTIONS = YES;
				GCC_VERSION = com.apple.compilers.llvm.clang.1_0;
				MACOSX_DEPLOYMENT_TARGET = 10.7;
				OTHER_CFLAGS = "";
				OTHER_LDFLAGS = "";
				PATH = "/usr/local/bin:$PATH";
				PRODUCT_NAME = "$(TARGET_NAME)";
			};
			name = Release;
		};
/* End XCBuildConfiguration section */

/* Begin XCConfigurationList section */
		DA01388B144A01EC0014EBD1 /* Build configuration list for PBXNativeTarget "test" */ = {
			isa = XCConfigurationList;
			buildConfigurations = (
				DA013889144A01EC0014EBD1 /* Debug */,
				DA01388A144A01EC0014EBD1 /* Release */,
			);
			defaultConfigurationIsVisible = 0;
			defaultConfigurationName = Release;
		};
		DA2C380F13382E200013BE0F /* Build configuration list for PBXProject "eSerial" */ = {
			isa = XCConfigurationList;
			buildConfigurations = (
				DA2C382113382E200013BE0F /* Debug */,
				DA2C382213382E200013BE0F /* Release */,
			);
			defaultConfigurationIsVisible = 0;
			defaultConfigurationName = Release;
		};
		DA2C382313382E200013BE0F /* Build configuration list for PBXNativeTarget "eSerial" */ = {
			isa = XCConfigurationList;
			buildConfigurations = (
				DA2C382413382E200013BE0F /* Debug */,
				DA2C382513382E200013BE0F /* Release */,
			);
			defaultConfigurationIsVisible = 0;
			defaultConfigurationName = Release;
		};
		DA513AB014D120ED0074D899 /* Build configuration list for PBXLegacyTarget "Documentation" */ = {
			isa = XCConfigurationList;
			buildConfigurations = (
				DA513AB114D120ED0074D899 /* Debug */,
				DA513AB214D120ED0074D899 /* Release */,
			);
			defaultConfigurationIsVisible = 0;
			defaultConfigurationName = Release;
		};
/* End XCConfigurationList section */
	};
	rootObject = DA2C380C13382E200013BE0F /* Project object */;
}
