// !$*UTF8*$!
{
	archiveVersion = 1;
	classes = {
	};
	objectVersion = 46;
	objects = {

/* Begin PBXBuildFile section */
		DA2C383213382F450013BE0F /* eParser.cpp in Sources */ = {isa = PBXBuildFile; fileRef = DA2C382E13382F450013BE0F /* eParser.cpp */; };
		DA2C383313382F450013BE0F /* eParser.h in Headers */ = {isa = PBXBuildFile; fileRef = DA2C382F13382F450013BE0F /* eParser.h */; };
		DA2C383413382F450013BE0F /* eWriter.cpp in Sources */ = {isa = PBXBuildFile; fileRef = DA2C383013382F450013BE0F /* eWriter.cpp */; };
		DA2C383513382F450013BE0F /* eWriter.h in Headers */ = {isa = PBXBuildFile; fileRef = DA2C383113382F450013BE0F /* eWriter.h */; };
		DA2C38371338330D0013BE0F /* eWritable.h in Headers */ = {isa = PBXBuildFile; fileRef = DA2C38361338330D0013BE0F /* eWritable.h */; };
		DA2C3852133838840013BE0F /* eData.h in Headers */ = {isa = PBXBuildFile; fileRef = DA2C3851133838840013BE0F /* eData.h */; };
		DA2C385413383A350013BE0F /* macros.h in Headers */ = {isa = PBXBuildFile; fileRef = DA2C385313383A350013BE0F /* macros.h */; };
/* End PBXBuildFile section */

/* Begin PBXFileReference section */
		DA2C381513382E200013BE0F /* eSerial.dylib */ = {isa = PBXFileReference; explicitFileType = "compiled.mach-o.dylib"; includeInIndex = 0; path = eSerial.dylib; sourceTree = BUILT_PRODUCTS_DIR; };
		DA2C381A13382E200013BE0F /* eSerialProj.xcconfig */ = {isa = PBXFileReference; lastKnownFileType = text.xcconfig; path = eSerialProj.xcconfig; sourceTree = "<group>"; };
		DA2C381B13382E200013BE0F /* eSerialTarget.xcconfig */ = {isa = PBXFileReference; lastKnownFileType = text.xcconfig; path = eSerialTarget.xcconfig; sourceTree = "<group>"; };
		DA2C382E13382F450013BE0F /* eParser.cpp */ = {isa = PBXFileReference; fileEncoding = 4; lastKnownFileType = sourcecode.cpp.cpp; path = eParser.cpp; sourceTree = "<group>"; };
		DA2C382F13382F450013BE0F /* eParser.h */ = {isa = PBXFileReference; fileEncoding = 4; lastKnownFileType = sourcecode.c.h; path = eParser.h; sourceTree = "<group>"; };
		DA2C383013382F450013BE0F /* eWriter.cpp */ = {isa = PBXFileReference; fileEncoding = 4; lastKnownFileType = sourcecode.cpp.cpp; path = eWriter.cpp; sourceTree = "<group>"; };
		DA2C383113382F450013BE0F /* eWriter.h */ = {isa = PBXFileReference; fileEncoding = 4; lastKnownFileType = sourcecode.c.h; path = eWriter.h; sourceTree = "<group>"; };
		DA2C38361338330D0013BE0F /* eWritable.h */ = {isa = PBXFileReference; fileEncoding = 4; lastKnownFileType = sourcecode.c.h; path = eWritable.h; sourceTree = "<group>"; };
		DA2C3851133838840013BE0F /* eData.h */ = {isa = PBXFileReference; fileEncoding = 4; lastKnownFileType = sourcecode.c.h; path = eData.h; sourceTree = "<group>"; };
		DA2C385313383A350013BE0F /* macros.h */ = {isa = PBXFileReference; fileEncoding = 4; lastKnownFileType = sourcecode.c.h; path = macros.h; sourceTree = "<group>"; };
/* End PBXFileReference section */

/* Begin PBXFrameworksBuildPhase section */
		DA2C381213382E200013BE0F /* Frameworks */ = {
			isa = PBXFrameworksBuildPhase;
			buildActionMask = 2147483647;
			files = (
			);
			runOnlyForDeploymentPostprocessing = 0;
		};
/* End PBXFrameworksBuildPhase section */

/* Begin PBXGroup section */
		DA2C380A13382E200013BE0F = {
			isa = PBXGroup;
			children = (
				DA2C381713382E200013BE0F /* eSerial */,
				DA2C381613382E200013BE0F /* Products */,
			);
			sourceTree = "<group>";
		};
		DA2C381613382E200013BE0F /* Products */ = {
			isa = PBXGroup;
			children = (
				DA2C381513382E200013BE0F /* eSerial.dylib */,
			);
			name = Products;
			sourceTree = "<group>";
		};
		DA2C381713382E200013BE0F /* eSerial */ = {
			isa = PBXGroup;
			children = (
				DA2C381A13382E200013BE0F /* eSerialProj.xcconfig */,
				DA2C381B13382E200013BE0F /* eSerialTarget.xcconfig */,
				DA2C385313383A350013BE0F /* macros.h */,
				DA2C38361338330D0013BE0F /* eWritable.h */,
				DA2C3851133838840013BE0F /* eData.h */,
				DA2C382F13382F450013BE0F /* eParser.h */,
				DA2C382E13382F450013BE0F /* eParser.cpp */,
				DA2C383113382F450013BE0F /* eWriter.h */,
				DA2C383013382F450013BE0F /* eWriter.cpp */,
			);
			path = eSerial;
			sourceTree = "<group>";
		};
/* End PBXGroup section */

/* Begin PBXHeadersBuildPhase section */
		DA2C381313382E200013BE0F /* Headers */ = {
			isa = PBXHeadersBuildPhase;
			buildActionMask = 2147483647;
			files = (
				DA2C383313382F450013BE0F /* eParser.h in Headers */,
				DA2C383513382F450013BE0F /* eWriter.h in Headers */,
				DA2C38371338330D0013BE0F /* eWritable.h in Headers */,
				DA2C3852133838840013BE0F /* eData.h in Headers */,
				DA2C385413383A350013BE0F /* macros.h in Headers */,
			);
			runOnlyForDeploymentPostprocessing = 0;
		};
/* End PBXHeadersBuildPhase section */

/* Begin PBXNativeTarget section */
		DA2C381413382E200013BE0F /* eSerial */ = {
			isa = PBXNativeTarget;
			buildConfigurationList = DA2C382313382E200013BE0F /* Build configuration list for PBXNativeTarget "eSerial" */;
			buildPhases = (
				DA2C381113382E200013BE0F /* Sources */,
				DA2C381213382E200013BE0F /* Frameworks */,
				DA2C381313382E200013BE0F /* Headers */,
			);
			buildRules = (
			);
			dependencies = (
			);
			name = eSerial;
			productName = eSerial;
			productReference = DA2C381513382E200013BE0F /* eSerial.dylib */;
			productType = "com.apple.product-type.library.dynamic";
		};
/* End PBXNativeTarget section */

/* Begin PBXProject section */
		DA2C380C13382E200013BE0F /* Project object */ = {
			isa = PBXProject;
			attributes = {
				ORGANIZATIONNAME = "Paul O'Neil";
			};
			buildConfigurationList = DA2C380F13382E200013BE0F /* Build configuration list for PBXProject "eSerial" */;
			compatibilityVersion = "Xcode 3.2";
			developmentRegion = English;
			hasScannedForEncodings = 0;
			knownRegions = (
				en,
			);
			mainGroup = DA2C380A13382E200013BE0F;
			productRefGroup = DA2C381613382E200013BE0F /* Products */;
			projectDirPath = "";
			projectRoot = "";
			targets = (
				DA2C381413382E200013BE0F /* eSerial */,
			);
		};
/* End PBXProject section */

/* Begin PBXSourcesBuildPhase section */
		DA2C381113382E200013BE0F /* Sources */ = {
			isa = PBXSourcesBuildPhase;
			buildActionMask = 2147483647;
			files = (
				DA2C383213382F450013BE0F /* eParser.cpp in Sources */,
				DA2C383413382F450013BE0F /* eWriter.cpp in Sources */,
			);
			runOnlyForDeploymentPostprocessing = 0;
		};
/* End PBXSourcesBuildPhase section */

/* Begin XCBuildConfiguration section */
		DA2C382113382E200013BE0F /* Debug */ = {
			isa = XCBuildConfiguration;
			buildSettings = {
				ARCHS = "$(ARCHS_STANDARD_32_64_BIT)";
				GCC_C_LANGUAGE_STANDARD = gnu99;
				GCC_OPTIMIZATION_LEVEL = 0;
				GCC_PREPROCESSOR_DEFINITIONS = DEBUG;
				GCC_SYMBOLS_PRIVATE_EXTERN = NO;
				GCC_VERSION = com.apple.compilers.llvm.clang.1_0;
				GCC_WARN_64_TO_32_BIT_CONVERSION = YES;
				GCC_WARN_ABOUT_RETURN_TYPE = YES;
				GCC_WARN_UNUSED_VARIABLE = YES;
				MACOSX_DEPLOYMENT_TARGET = 10.6;
				ONLY_ACTIVE_ARCH = YES;
				SDKROOT = macosx;
			};
			name = Debug;
		};
		DA2C382213382E200013BE0F /* Release */ = {
			isa = XCBuildConfiguration;
			buildSettings = {
				ARCHS = "$(ARCHS_STANDARD_32_64_BIT)";
				GCC_C_LANGUAGE_STANDARD = gnu99;
				GCC_VERSION = com.apple.compilers.llvm.clang.1_0;
				GCC_WARN_64_TO_32_BIT_CONVERSION = YES;
				GCC_WARN_ABOUT_RETURN_TYPE = YES;
				GCC_WARN_UNUSED_VARIABLE = YES;
				MACOSX_DEPLOYMENT_TARGET = 10.6;
				SDKROOT = macosx;
			};
			name = Release;
		};
		DA2C382413382E200013BE0F /* Debug */ = {
			isa = XCBuildConfiguration;
			buildSettings = {
				ALWAYS_SEARCH_USER_PATHS = NO;
				COPY_PHASE_STRIP = NO;
				GCC_DYNAMIC_NO_PIC = NO;
				GCC_ENABLE_OBJC_EXCEPTIONS = YES;
				PRODUCT_NAME = "$(TARGET_NAME)";
			};
			name = Debug;
		};
		DA2C382513382E200013BE0F /* Release */ = {
			isa = XCBuildConfiguration;
			buildSettings = {
				ALWAYS_SEARCH_USER_PATHS = NO;
				COPY_PHASE_STRIP = YES;
				DEBUG_INFORMATION_FORMAT = "dwarf-with-dsym";
				GCC_ENABLE_OBJC_EXCEPTIONS = YES;
				PRODUCT_NAME = "$(TARGET_NAME)";
			};
			name = Release;
		};
/* End XCBuildConfiguration section */

/* Begin XCConfigurationList section */
		DA2C380F13382E200013BE0F /* Build configuration list for PBXProject "eSerial" */ = {
			isa = XCConfigurationList;
			buildConfigurations = (
				DA2C382113382E200013BE0F /* Debug */,
				DA2C382213382E200013BE0F /* Release */,
			);
			defaultConfigurationIsVisible = 0;
			defaultConfigurationName = Release;
		};
		DA2C382313382E200013BE0F /* Build configuration list for PBXNativeTarget "eSerial" */ = {
			isa = XCConfigurationList;
			buildConfigurations = (
				DA2C382413382E200013BE0F /* Debug */,
				DA2C382513382E200013BE0F /* Release */,
			);
			defaultConfigurationIsVisible = 0;
			defaultConfigurationName = Release;
		};
/* End XCConfigurationList section */
	};
	rootObject = DA2C380C13382E200013BE0F /* Project object */;
}
